
Microsoft Visual Studio Solution File, Format Version 12.00
Project("{FAE04EC0-301F-11D3-BF4B-00C04F79EFBC}") = "TicketingSystem", "TicketingSystem\TicketingSystem.csproj", "{2D15E455-401D-47CE-89B7-E392C3052916}"
EndProject
Global
	GlobalSection(SolutionConfigurationPlatforms) = preSolution
		Debug|Any CPU = Debug|Any CPU
		Release|Any CPU = Release|Any CPU
	EndGlobalSection
	GlobalSection(ProjectConfigurationPlatforms) = postSolution
		{2D15E455-401D-47CE-89B7-E392C3052916}.Debug|Any CPU.ActiveCfg = Debug|Any CPU
		{2D15E455-401D-47CE-89B7-E392C3052916}.Debug|Any CPU.Build.0 = Debug|Any CPU
		{2D15E455-401D-47CE-89B7-E392C3052916}.Release|Any CPU.ActiveCfg = Release|Any CPU
		{2D15E455-401D-47CE-89B7-E392C3052916}.Release|Any CPU.Build.0 = Release|Any CPU
	EndGlobalSection
EndGlobal
